
Microsoft Visual Studio Solution File, Format Version 12.00
# Visual Studio Version 17
VisualStudioVersion = 17.0.32014.148
MinimumVisualStudioVersion = 10.0.40219.1
Project("{9A19103F-16F7-4668-BE54-9A1E7A4F7556}") = "CadastroPessoa", "CadastroPessoa\CadastroPessoa.csproj", "{539DBC40-8E2A-4394-9B40-815A07526B75}"
EndProject
Global
	GlobalSection(SolutionConfigurationPlatforms) = preSolution
		Debug|Any CPU = Debug|Any CPU
		Release|Any CPU = Release|Any CPU
	EndGlobalSection
	GlobalSection(ProjectConfigurationPlatforms) = postSolution
		{539DBC40-8E2A-4394-9B40-815A07526B75}.Debug|Any CPU.ActiveCfg = Debug|Any CPU
		{539DBC40-8E2A-4394-9B40-815A07526B75}.Debug|Any CPU.Build.0 = Debug|Any CPU
		{539DBC40-8E2A-4394-9B40-815A07526B75}.Release|Any CPU.ActiveCfg = Release|Any CPU
		{539DBC40-8E2A-4394-9B40-815A07526B75}.Release|Any CPU.Build.0 = Release|Any CPU
	EndGlobalSection
	GlobalSection(SolutionProperties) = preSolution
		HideSolutionNode = FALSE
	EndGlobalSection
	GlobalSection(ExtensibilityGlobals) = postSolution
		SolutionGuid = {D8C86D19-D850-4E2E-88C1-696F5A976949}
	EndGlobalSection
EndGlobal
